
Microsoft Visual Studio Solution File, Format Version 12.00
# Visual Studio Version 17
VisualStudioVersion = 17.14.36221.1 d17.14
MinimumVisualStudioVersion = 10.0.40219.1
Project("{FAE04EC0-301F-11D3-BF4B-00C04F79EFBC}") = "Desafio15Dias-CSharp.NET---Dia-9", "Desafio15Dias-CSharp.NET---Dia-9\Desafio15Dias-CSharp.NET---Dia-9.csproj", "{18B88ADA-CDB7-415C-971A-C3A95844AFD5}"
EndProject
Global
	GlobalSection(SolutionConfigurationPlatforms) = preSolution
		Debug|Any CPU = Debug|Any CPU
		Release|Any CPU = Release|Any CPU
	EndGlobalSection
	GlobalSection(ProjectConfigurationPlatforms) = postSolution
		{18B88ADA-CDB7-415C-971A-C3A95844AFD5}.Debug|Any CPU.ActiveCfg = Debug|Any CPU
		{18B88ADA-CDB7-415C-971A-C3A95844AFD5}.Debug|Any CPU.Build.0 = Debug|Any CPU
		{18B88ADA-CDB7-415C-971A-C3A95844AFD5}.Release|Any CPU.ActiveCfg = Release|Any CPU
		{18B88ADA-CDB7-415C-971A-C3A95844AFD5}.Release|Any CPU.Build.0 = Release|Any CPU
	EndGlobalSection
	GlobalSection(SolutionProperties) = preSolution
		HideSolutionNode = FALSE
	EndGlobalSection
	GlobalSection(ExtensibilityGlobals) = postSolution
		SolutionGuid = {35144187-C657-483F-9E84-142B69A62214}
	EndGlobalSection
EndGlobal
